
Microsoft Visual Studio Solution File, Format Version 12.00
# Visual Studio Version 17
VisualStudioVersion = 17.0.32014.148
MinimumVisualStudioVersion = 10.0.40219.1
Project("{FAE04EC0-301F-11D3-BF4B-00C04F79EFBC}") = "PersonalityTest.Api", "PersonalityTest.Api\PersonalityTest.Api.csproj", "{7A7ED961-A76A-438B-B201-966BCFD7BDF3}"
EndProject
Project("{FAE04EC0-301F-11D3-BF4B-00C04F79EFBC}") = "PersonalityTest.Domain", "PersonalityTest.Domain\PersonalityTest.Domain.csproj", "{E0FDD0B9-F347-40B1-8B40-B2D0C412FEDE}"
EndProject
Project("{FAE04EC0-301F-11D3-BF4B-00C04F79EFBC}") = "PersonalityTest.Infrastructure", "PersonalityTest.Infrastructure\PersonalityTest.Infrastructure.csproj", "{80EAE3A0-5FFB-4C8A-8670-60C2F76EB243}"
EndProject
Global
	GlobalSection(SolutionConfigurationPlatforms) = preSolution
		Debug|Any CPU = Debug|Any CPU
		Release|Any CPU = Release|Any CPU
	EndGlobalSection
	GlobalSection(ProjectConfigurationPlatforms) = postSolution
		{7A7ED961-A76A-438B-B201-966BCFD7BDF3}.Debug|Any CPU.ActiveCfg = Debug|Any CPU
		{7A7ED961-A76A-438B-B201-966BCFD7BDF3}.Debug|Any CPU.Build.0 = Debug|Any CPU
		{7A7ED961-A76A-438B-B201-966BCFD7BDF3}.Release|Any CPU.ActiveCfg = Release|Any CPU
		{7A7ED961-A76A-438B-B201-966BCFD7BDF3}.Release|Any CPU.Build.0 = Release|Any CPU
		{E0FDD0B9-F347-40B1-8B40-B2D0C412FEDE}.Debug|Any CPU.ActiveCfg = Debug|Any CPU
		{E0FDD0B9-F347-40B1-8B40-B2D0C412FEDE}.Debug|Any CPU.Build.0 = Debug|Any CPU
		{E0FDD0B9-F347-40B1-8B40-B2D0C412FEDE}.Release|Any CPU.ActiveCfg = Release|Any CPU
		{E0FDD0B9-F347-40B1-8B40-B2D0C412FEDE}.Release|Any CPU.Build.0 = Release|Any CPU
		{80EAE3A0-5FFB-4C8A-8670-60C2F76EB243}.Debug|Any CPU.ActiveCfg = Debug|Any CPU
		{80EAE3A0-5FFB-4C8A-8670-60C2F76EB243}.Debug|Any CPU.Build.0 = Debug|Any CPU
		{80EAE3A0-5FFB-4C8A-8670-60C2F76EB243}.Release|Any CPU.ActiveCfg = Release|Any CPU
		{80EAE3A0-5FFB-4C8A-8670-60C2F76EB243}.Release|Any CPU.Build.0 = Release|Any CPU
	EndGlobalSection
	GlobalSection(SolutionProperties) = preSolution
		HideSolutionNode = FALSE
	EndGlobalSection
	GlobalSection(ExtensibilityGlobals) = postSolution
		SolutionGuid = {86F0E1AF-4C3C-4599-A871-4E72B11AE0B4}
	EndGlobalSection
EndGlobal
